
Microsoft Visual Studio Solution File, Format Version 12.00
# Visual Studio Version 17
VisualStudioVersion = 17.10.35122.118
MinimumVisualStudioVersion = 10.0.40219.1
Project("{FAE04EC0-301F-11D3-BF4B-00C04F79EFBC}") = "WebApplicanJWTapi", "WebApplicanJWTapi\WebApplicanJWTapi.csproj", "{86059A77-4159-4F69-9A5B-7131238019DB}"
EndProject
Global
	GlobalSection(SolutionConfigurationPlatforms) = preSolution
		Debug|Any CPU = Debug|Any CPU
		Release|Any CPU = Release|Any CPU
	EndGlobalSection
	GlobalSection(ProjectConfigurationPlatforms) = postSolution
		{86059A77-4159-4F69-9A5B-7131238019DB}.Debug|Any CPU.ActiveCfg = Debug|Any CPU
		{86059A77-4159-4F69-9A5B-7131238019DB}.Debug|Any CPU.Build.0 = Debug|Any CPU
		{86059A77-4159-4F69-9A5B-7131238019DB}.Release|Any CPU.ActiveCfg = Release|Any CPU
		{86059A77-4159-4F69-9A5B-7131238019DB}.Release|Any CPU.Build.0 = Release|Any CPU
	EndGlobalSection
	GlobalSection(SolutionProperties) = preSolution
		HideSolutionNode = FALSE
	EndGlobalSection
	GlobalSection(ExtensibilityGlobals) = postSolution
		SolutionGuid = {D760F26C-DC84-4840-B78C-479301B741BB}
	EndGlobalSection
EndGlobal
